
Microsoft Visual Studio Solution File, Format Version 12.00
# Visual Studio Version 16
VisualStudioVersion = 16.0.29306.81
MinimumVisualStudioVersion = 10.0.40219.1
Project("{FAE04EC0-301F-11D3-BF4B-00C04F79EFBC}") = "test.UWP", "test\test.UWP\test.UWP.csproj", "{DCF99261-94A2-474F-8D54-4456A706ED93}"
EndProject
Project("{FAE04EC0-301F-11D3-BF4B-00C04F79EFBC}") = "test.Android", "test\test.Android\test.Android.csproj", "{6AE37531-A226-4E2E-A43D-DE6529886832}"
EndProject
Project("{FAE04EC0-301F-11D3-BF4B-00C04F79EFBC}") = "test.iOS", "test\test.iOS\test.iOS.csproj", "{7C507F5D-116B-4646-90B1-D39B50BD0F54}"
EndProject
Project("{FAE04EC0-301F-11D3-BF4B-00C04F79EFBC}") = "test", "test\test\test.csproj", "{8A235212-0410-479A-B5C3-49E9446DCA2D}"
EndProject
Global
	GlobalSection(SolutionConfigurationPlatforms) = preSolution
		Debug|Any CPU = Debug|Any CPU
		Debug|ARM = Debug|ARM
		Debug|iPhone = Debug|iPhone
		Debug|iPhoneSimulator = Debug|iPhoneSimulator
		Debug|x64 = Debug|x64
		Debug|x86 = Debug|x86
		Release|Any CPU = Release|Any CPU
		Release|ARM = Release|ARM
		Release|iPhone = Release|iPhone
		Release|iPhoneSimulator = Release|iPhoneSimulator
		Release|x64 = Release|x64
		Release|x86 = Release|x86
	EndGlobalSection
	GlobalSection(ProjectConfigurationPlatforms) = postSolution
		{DCF99261-94A2-474F-8D54-4456A706ED93}.Debug|Any CPU.ActiveCfg = Debug|x86
		{DCF99261-94A2-474F-8D54-4456A706ED93}.Debug|Any CPU.Build.0 = Debug|x86
		{DCF99261-94A2-474F-8D54-4456A706ED93}.Debug|Any CPU.Deploy.0 = Debug|x86
		{DCF99261-94A2-474F-8D54-4456A706ED93}.Debug|ARM.ActiveCfg = Debug|ARM
		{DCF99261-94A2-474F-8D54-4456A706ED93}.Debug|ARM.Build.0 = Debug|ARM
		{DCF99261-94A2-474F-8D54-4456A706ED93}.Debug|ARM.Deploy.0 = Debug|ARM
		{DCF99261-94A2-474F-8D54-4456A706ED93}.Debug|iPhone.ActiveCfg = Debug|x86
		{DCF99261-94A2-474F-8D54-4456A706ED93}.Debug|iPhone.Build.0 = Debug|x86
		{DCF99261-94A2-474F-8D54-4456A706ED93}.Debug|iPhone.Deploy.0 = Debug|x86
		{DCF99261-94A2-474F-8D54-4456A706ED93}.Debug|iPhoneSimulator.ActiveCfg = Debug|x86
		{DCF99261-94A2-474F-8D54-4456A706ED93}.Debug|iPhoneSimulator.Build.0 = Debug|x86
		{DCF99261-94A2-474F-8D54-4456A706ED93}.Debug|iPhoneSimulator.Deploy.0 = Debug|x86
		{DCF99261-94A2-474F-8D54-4456A706ED93}.Debug|x64.ActiveCfg = Debug|x64
		{DCF99261-94A2-474F-8D54-4456A706ED93}.Debug|x64.Build.0 = Debug|x64
		{DCF99261-94A2-474F-8D54-4456A706ED93}.Debug|x64.Deploy.0 = Debug|x64
		{DCF99261-94A2-474F-8D54-4456A706ED93}.Debug|x86.ActiveCfg = Debug|x86
		{DCF99261-94A2-474F-8D54-4456A706ED93}.Debug|x86.Build.0 = Debug|x86
		{DCF99261-94A2-474F-8D54-4456A706ED93}.Debug|x86.Deploy.0 = Debug|x86
		{DCF99261-94A2-474F-8D54-4456A706ED93}.Release|Any CPU.ActiveCfg = Release|x86
		{DCF99261-94A2-474F-8D54-4456A706ED93}.Release|Any CPU.Build.0 = Release|x86
		{DCF99261-94A2-474F-8D54-4456A706ED93}.Release|Any CPU.Deploy.0 = Release|x86
		{DCF99261-94A2-474F-8D54-4456A706ED93}.Release|ARM.ActiveCfg = Release|ARM
		{DCF99261-94A2-474F-8D54-4456A706ED93}.Release|ARM.Build.0 = Release|ARM
		{DCF99261-94A2-474F-8D54-4456A706ED93}.Release|ARM.Deploy.0 = Release|ARM
		{DCF99261-94A2-474F-8D54-4456A706ED93}.Release|iPhone.ActiveCfg = Release|x86
		{DCF99261-94A2-474F-8D54-4456A706ED93}.Release|iPhone.Build.0 = Release|x86
		{DCF99261-94A2-474F-8D54-4456A706ED93}.Release|iPhone.Deploy.0 = Release|x86
		{DCF99261-94A2-474F-8D54-4456A706ED93}.Release|iPhoneSimulator.ActiveCfg = Release|x86
		{DCF99261-94A2-474F-8D54-4456A706ED93}.Release|iPhoneSimulator.Build.0 = Release|x86
		{DCF99261-94A2-474F-8D54-4456A706ED93}.Release|iPhoneSimulator.Deploy.0 = Release|x86
		{DCF99261-94A2-474F-8D54-4456A706ED93}.Release|x64.ActiveCfg = Release|x64
		{DCF99261-94A2-474F-8D54-4456A706ED93}.Release|x64.Build.0 = Release|x64
		{DCF99261-94A2-474F-8D54-4456A706ED93}.Release|x64.Deploy.0 = Release|x64
		{DCF99261-94A2-474F-8D54-4456A706ED93}.Release|x86.ActiveCfg = Release|x86
		{DCF99261-94A2-474F-8D54-4456A706ED93}.Release|x86.Build.0 = Release|x86
		{DCF99261-94A2-474F-8D54-4456A706ED93}.Release|x86.Deploy.0 = Release|x86
		{6AE37531-A226-4E2E-A43D-DE6529886832}.Debug|Any CPU.ActiveCfg = Debug|Any CPU
		{6AE37531-A226-4E2E-A43D-DE6529886832}.Debug|Any CPU.Build.0 = Debug|Any CPU
		{6AE37531-A226-4E2E-A43D-DE6529886832}.Debug|Any CPU.Deploy.0 = Debug|Any CPU
		{6AE37531-A226-4E2E-A43D-DE6529886832}.Debug|ARM.ActiveCfg = Debug|Any CPU
		{6AE37531-A226-4E2E-A43D-DE6529886832}.Debug|ARM.Build.0 = Debug|Any CPU
		{6AE37531-A226-4E2E-A43D-DE6529886832}.Debug|ARM.Deploy.0 = Debug|Any CPU
		{6AE37531-A226-4E2E-A43D-DE6529886832}.Debug|iPhone.ActiveCfg = Debug|Any CPU
		{6AE37531-A226-4E2E-A43D-DE6529886832}.Debug|iPhone.Build.0 = Debug|Any CPU
		{6AE37531-A226-4E2E-A43D-DE6529886832}.Debug|iPhone.Deploy.0 = Debug|Any CPU
		{6AE37531-A226-4E2E-A43D-DE6529886832}.Debug|iPhoneSimulator.ActiveCfg = Debug|Any CPU
		{6AE37531-A226-4E2E-A43D-DE6529886832}.Debug|iPhoneSimulator.Build.0 = Debug|Any CPU
		{6AE37531-A226-4E2E-A43D-DE6529886832}.Debug|iPhoneSimulator.Deploy.0 = Debug|Any CPU
		{6AE37531-A226-4E2E-A43D-DE6529886832}.Debug|x64.ActiveCfg = Debug|Any CPU
		{6AE37531-A226-4E2E-A43D-DE6529886832}.Debug|x64.Build.0 = Debug|Any CPU
		{6AE37531-A226-4E2E-A43D-DE6529886832}.Debug|x64.Deploy.0 = Debug|Any CPU
		{6AE37531-A226-4E2E-A43D-DE6529886832}.Debug|x86.ActiveCfg = Debug|Any CPU
		{6AE37531-A226-4E2E-A43D-DE6529886832}.Debug|x86.Build.0 = Debug|Any CPU
		{6AE37531-A226-4E2E-A43D-DE6529886832}.Debug|x86.Deploy.0 = Debug|Any CPU
		{6AE37531-A226-4E2E-A43D-DE6529886832}.Release|Any CPU.ActiveCfg = Release|Any CPU
		{6AE37531-A226-4E2E-A43D-DE6529886832}.Release|Any CPU.Build.0 = Release|Any CPU
		{6AE37531-A226-4E2E-A43D-DE6529886832}.Release|Any CPU.Deploy.0 = Release|Any CPU
		{6AE37531-A226-4E2E-A43D-DE6529886832}.Release|ARM.ActiveCfg = Release|Any CPU
		{6AE37531-A226-4E2E-A43D-DE6529886832}.Release|ARM.Build.0 = Release|Any CPU
		{6AE37531-A226-4E2E-A43D-DE6529886832}.Release|ARM.Deploy.0 = Release|Any CPU
		{6AE37531-A226-4E2E-A43D-DE6529886832}.Release|iPhone.ActiveCfg = Release|Any CPU
		{6AE37531-A226-4E2E-A43D-DE6529886832}.Release|iPhone.Build.0 = Release|Any CPU
		{6AE37531-A226-4E2E-A43D-DE6529886832}.Release|iPhone.Deploy.0 = Release|Any CPU
		{6AE37531-A226-4E2E-A43D-DE6529886832}.Release|iPhoneSimulator.ActiveCfg = Release|Any CPU
		{6AE37531-A226-4E2E-A43D-DE6529886832}.Release|iPhoneSimulator.Build.0 = Release|Any CPU
		{6AE37531-A226-4E2E-A43D-DE6529886832}.Release|iPhoneSimulator.Deploy.0 = Release|Any CPU
		{6AE37531-A226-4E2E-A43D-DE6529886832}.Release|x64.ActiveCfg = Release|Any CPU
		{6AE37531-A226-4E2E-A43D-DE6529886832}.Release|x64.Build.0 = Release|Any CPU
		{6AE37531-A226-4E2E-A43D-DE6529886832}.Release|x64.Deploy.0 = Release|Any CPU
		{6AE37531-A226-4E2E-A43D-DE6529886832}.Release|x86.ActiveCfg = Release|Any CPU
		{6AE37531-A226-4E2E-A43D-DE6529886832}.Release|x86.Build.0 = Release|Any CPU
		{6AE37531-A226-4E2E-A43D-DE6529886832}.Release|x86.Deploy.0 = Release|Any CPU
		{7C507F5D-116B-4646-90B1-D39B50BD0F54}.Debug|Any CPU.ActiveCfg = Debug|iPhone
		{7C507F5D-116B-4646-90B1-D39B50BD0F54}.Debug|Any CPU.Build.0 = Debug|iPhone
		{7C507F5D-116B-4646-90B1-D39B50BD0F54}.Debug|Any CPU.Deploy.0 = Debug|iPhone
		{7C507F5D-116B-4646-90B1-D39B50BD0F54}.Debug|ARM.ActiveCfg = Debug|iPhoneSimulator
		{7C507F5D-116B-4646-90B1-D39B50BD0F54}.Debug|ARM.Build.0 = Debug|iPhoneSimulator
		{7C507F5D-116B-4646-90B1-D39B50BD0F54}.Debug|ARM.Deploy.0 = Debug|iPhoneSimulator
		{7C507F5D-116B-4646-90B1-D39B50BD0F54}.Debug|iPhone.ActiveCfg = Debug|iPhone
		{7C507F5D-116B-4646-90B1-D39B50BD0F54}.Debug|iPhone.Build.0 = Debug|iPhone
		{7C507F5D-116B-4646-90B1-D39B50BD0F54}.Debug|iPhone.Deploy.0 = Debug|iPhone
		{7C507F5D-116B-4646-90B1-D39B50BD0F54}.Debug|iPhoneSimulator.ActiveCfg = Debug|iPhoneSimulator
		{7C507F5D-116B-4646-90B1-D39B50BD0F54}.Debug|iPhoneSimulator.Build.0 = Debug|iPhoneSimulator
		{7C507F5D-116B-4646-90B1-D39B50BD0F54}.Debug|iPhoneSimulator.Deploy.0 = Debug|iPhoneSimulator
		{7C507F5D-116B-4646-90B1-D39B50BD0F54}.Debug|x64.ActiveCfg = Debug|iPhone
		{7C507F5D-116B-4646-90B1-D39B50BD0F54}.Debug|x64.Build.0 = Debug|iPhone
		{7C507F5D-116B-4646-90B1-D39B50BD0F54}.Debug|x64.Deploy.0 = Debug|iPhone
		{7C507F5D-116B-4646-90B1-D39B50BD0F54}.Debug|x86.ActiveCfg = Debug|iPhone
		{7C507F5D-116B-4646-90B1-D39B50BD0F54}.Debug|x86.Build.0 = Debug|iPhone
		{7C507F5D-116B-4646-90B1-D39B50BD0F54}.Debug|x86.Deploy.0 = Debug|iPhone
		{7C507F5D-116B-4646-90B1-D39B50BD0F54}.Release|Any CPU.ActiveCfg = Release|iPhone
		{7C507F5D-116B-4646-90B1-D39B50BD0F54}.Release|Any CPU.Build.0 = Release|iPhone
		{7C507F5D-116B-4646-90B1-D39B50BD0F54}.Release|Any CPU.Deploy.0 = Release|iPhone
		{7C507F5D-116B-4646-90B1-D39B50BD0F54}.Release|ARM.ActiveCfg = Release|iPhone
		{7C507F5D-116B-4646-90B1-D39B50BD0F54}.Release|ARM.Build.0 = Release|iPhone
		{7C507F5D-116B-4646-90B1-D39B50BD0F54}.Release|ARM.Deploy.0 = Release|iPhone
		{7C507F5D-116B-4646-90B1-D39B50BD0F54}.Release|iPhone.ActiveCfg = Release|iPhone
		{7C507F5D-116B-4646-90B1-D39B50BD0F54}.Release|iPhone.Build.0 = Release|iPhone
		{7C507F5D-116B-4646-90B1-D39B50BD0F54}.Release|iPhone.Deploy.0 = Release|iPhone
		{7C507F5D-116B-4646-90B1-D39B50BD0F54}.Release|iPhoneSimulator.ActiveCfg = Release|iPhoneSimulator
		{7C507F5D-116B-4646-90B1-D39B50BD0F54}.Release|iPhoneSimulator.Build.0 = Release|iPhoneSimulator
		{7C507F5D-116B-4646-90B1-D39B50BD0F54}.Release|iPhoneSimulator.Deploy.0 = Release|iPhoneSimulator
		{7C507F5D-116B-4646-90B1-D39B50BD0F54}.Release|x64.ActiveCfg = Release|iPhone
		{7C507F5D-116B-4646-90B1-D39B50BD0F54}.Release|x64.Build.0 = Release|iPhone
		{7C507F5D-116B-4646-90B1-D39B50BD0F54}.Release|x64.Deploy.0 = Release|iPhone
		{7C507F5D-116B-4646-90B1-D39B50BD0F54}.Release|x86.ActiveCfg = Release|iPhone
		{7C507F5D-116B-4646-90B1-D39B50BD0F54}.Release|x86.Build.0 = Release|iPhone
		{7C507F5D-116B-4646-90B1-D39B50BD0F54}.Release|x86.Deploy.0 = Release|iPhone
		{8A235212-0410-479A-B5C3-49E9446DCA2D}.Debug|Any CPU.ActiveCfg = Debug|Any CPU
		{8A235212-0410-479A-B5C3-49E9446DCA2D}.Debug|Any CPU.Build.0 = Debug|Any CPU
		{8A235212-0410-479A-B5C3-49E9446DCA2D}.Debug|Any CPU.Deploy.0 = Debug|Any CPU
		{8A235212-0410-479A-B5C3-49E9446DCA2D}.Debug|ARM.ActiveCfg = Debug|Any CPU
		{8A235212-0410-479A-B5C3-49E9446DCA2D}.Debug|ARM.Build.0 = Debug|Any CPU
		{8A235212-0410-479A-B5C3-49E9446DCA2D}.Debug|ARM.Deploy.0 = Debug|Any CPU
		{8A235212-0410-479A-B5C3-49E9446DCA2D}.Debug|iPhone.ActiveCfg = Debug|Any CPU
		{8A235212-0410-479A-B5C3-49E9446DCA2D}.Debug|iPhone.Build.0 = Debug|Any CPU
		{8A235212-0410-479A-B5C3-49E9446DCA2D}.Debug|iPhone.Deploy.0 = Debug|Any CPU
		{8A235212-0410-479A-B5C3-49E9446DCA2D}.Debug|iPhoneSimulator.ActiveCfg = Debug|Any CPU
		{8A235212-0410-479A-B5C3-49E9446DCA2D}.Debug|iPhoneSimulator.Build.0 = Debug|Any CPU
		{8A235212-0410-479A-B5C3-49E9446DCA2D}.Debug|iPhoneSimulator.Deploy.0 = Debug|Any CPU
		{8A235212-0410-479A-B5C3-49E9446DCA2D}.Debug|x64.ActiveCfg = Debug|Any CPU
		{8A235212-0410-479A-B5C3-49E9446DCA2D}.Debug|x64.Build.0 = Debug|Any CPU
		{8A235212-0410-479A-B5C3-49E9446DCA2D}.Debug|x64.Deploy.0 = Debug|Any CPU
		{8A235212-0410-479A-B5C3-49E9446DCA2D}.Debug|x86.ActiveCfg = Debug|Any CPU
		{8A235212-0410-479A-B5C3-49E9446DCA2D}.Debug|x86.Build.0 = Debug|Any CPU
		{8A235212-0410-479A-B5C3-49E9446DCA2D}.Debug|x86.Deploy.0 = Debug|Any CPU
		{8A235212-0410-479A-B5C3-49E9446DCA2D}.Release|Any CPU.ActiveCfg = Release|Any CPU
		{8A235212-0410-479A-B5C3-49E9446DCA2D}.Release|Any CPU.Build.0 = Release|Any CPU
		{8A235212-0410-479A-B5C3-49E9446DCA2D}.Release|Any CPU.Deploy.0 = Release|Any CPU
		{8A235212-0410-479A-B5C3-49E9446DCA2D}.Release|ARM.ActiveCfg = Release|Any CPU
		{8A235212-0410-479A-B5C3-49E9446DCA2D}.Release|ARM.Build.0 = Release|Any CPU
		{8A235212-0410-479A-B5C3-49E9446DCA2D}.Release|ARM.Deploy.0 = Release|Any CPU
		{8A235212-0410-479A-B5C3-49E9446DCA2D}.Release|iPhone.ActiveCfg = Release|Any CPU
		{8A235212-0410-479A-B5C3-49E9446DCA2D}.Release|iPhone.Build.0 = Release|Any CPU
		{8A235212-0410-479A-B5C3-49E9446DCA2D}.Release|iPhone.Deploy.0 = Release|Any CPU
		{8A235212-0410-479A-B5C3-49E9446DCA2D}.Release|iPhoneSimulator.ActiveCfg = Release|Any CPU
		{8A235212-0410-479A-B5C3-49E9446DCA2D}.Release|iPhoneSimulator.Build.0 = Release|Any CPU
		{8A235212-0410-479A-B5C3-49E9446DCA2D}.Release|iPhoneSimulator.Deploy.0 = Release|Any CPU
		{8A235212-0410-479A-B5C3-49E9446DCA2D}.Release|x64.ActiveCfg = Release|Any CPU
		{8A235212-0410-479A-B5C3-49E9446DCA2D}.Release|x64.Build.0 = Release|Any CPU
		{8A235212-0410-479A-B5C3-49E9446DCA2D}.Release|x64.Deploy.0 = Release|Any CPU
		{8A235212-0410-479A-B5C3-49E9446DCA2D}.Release|x86.ActiveCfg = Release|Any CPU
		{8A235212-0410-479A-B5C3-49E9446DCA2D}.Release|x86.Build.0 = Release|Any CPU
		{8A235212-0410-479A-B5C3-49E9446DCA2D}.Release|x86.Deploy.0 = Release|Any CPU
	EndGlobalSection
	GlobalSection(SolutionProperties) = preSolution
		HideSolutionNode = FALSE
	EndGlobalSection
	GlobalSection(ExtensibilityGlobals) = postSolution
		SolutionGuid = {F39FCDAB-549E-42E9-B036-53046A3CF54F}
	EndGlobalSection
EndGlobal
